
Microsoft Visual Studio Solution File, Format Version 12.00
# Visual Studio Version 17
VisualStudioVersion = 17.5.002.0
MinimumVisualStudioVersion = 10.0.40219.1
Project("{9A19103F-16F7-4668-BE54-9A1E7A4F7556}") = "MyWebApp", "MyWebApp\MyWebApp.csproj", "{52BAB86A-F5D4-453E-A579-2C2D924630AB}"
EndProject
Global
	GlobalSection(SolutionConfigurationPlatforms) = preSolution
		Debug|Any CPU = Debug|Any CPU
		Release|Any CPU = Release|Any CPU
	EndGlobalSection
	GlobalSection(ProjectConfigurationPlatforms) = postSolution
		{52BAB86A-F5D4-453E-A579-2C2D924630AB}.Debug|Any CPU.ActiveCfg = Debug|Any CPU
		{52BAB86A-F5D4-453E-A579-2C2D924630AB}.Debug|Any CPU.Build.0 = Debug|Any CPU
		{52BAB86A-F5D4-453E-A579-2C2D924630AB}.Release|Any CPU.ActiveCfg = Release|Any CPU
		{52BAB86A-F5D4-453E-A579-2C2D924630AB}.Release|Any CPU.Build.0 = Release|Any CPU
	EndGlobalSection
	GlobalSection(SolutionProperties) = preSolution
		HideSolutionNode = FALSE
	EndGlobalSection
	GlobalSection(ExtensibilityGlobals) = postSolution
		SolutionGuid = {9088AA9D-0C7A-4BBD-B054-0F7A129709A9}
	EndGlobalSection
EndGlobal
