
Microsoft Visual Studio Solution File, Format Version 12.00
# Visual Studio Version 17
VisualStudioVersion = 17.5.002.0
MinimumVisualStudioVersion = 10.0.40219.1
Project("{9A19103F-16F7-4668-BE54-9A1E7A4F7556}") = "MyWebApp", "MyWebApp\MyWebApp.csproj", "{9125C55E-1F5E-44F5-95A4-BD2275E36677}"
EndProject
Global
	GlobalSection(SolutionConfigurationPlatforms) = preSolution
		Debug|Any CPU = Debug|Any CPU
		Release|Any CPU = Release|Any CPU
	EndGlobalSection
	GlobalSection(ProjectConfigurationPlatforms) = postSolution
		{9125C55E-1F5E-44F5-95A4-BD2275E36677}.Debug|Any CPU.ActiveCfg = Debug|Any CPU
		{9125C55E-1F5E-44F5-95A4-BD2275E36677}.Debug|Any CPU.Build.0 = Debug|Any CPU
		{9125C55E-1F5E-44F5-95A4-BD2275E36677}.Release|Any CPU.ActiveCfg = Release|Any CPU
		{9125C55E-1F5E-44F5-95A4-BD2275E36677}.Release|Any CPU.Build.0 = Release|Any CPU
	EndGlobalSection
	GlobalSection(SolutionProperties) = preSolution
		HideSolutionNode = FALSE
	EndGlobalSection
	GlobalSection(ExtensibilityGlobals) = postSolution
		SolutionGuid = {7098AEBC-7B4E-48DF-9043-8F17DBB44955}
	EndGlobalSection
EndGlobal
